("quicklisp" .
 (:class qlot/source/dist:source-dist
  :initargs (:distribution "https://beta.quicklisp.org/dist/quicklisp.txt" :%version :latest)
  :version "2026-01-01"))
("clack" .
 (:class qlot/source/ql:source-ql
  :initargs (:%version :latest)
  :version "ql-2025-06-22"))
("lack" .
 (:class qlot/source/ql:source-ql
  :initargs (:%version :latest)
  :version "ql-2026-01-01"))
("cl-jingle" .
 (:class qlot/source/git:source-git
  :initargs (:remote-url "https://github.com/dnaeon/cl-jingle.git")
  :version "git-10e10bb749b46b944f0d1daf95540f9dc806b41a"))
("hsx" .
 (:class qlot/source/git:source-git
  :initargs (:remote-url "https://github.com/skyizwhite/hsx.git")
  :version "git-16c85a2f5d77e1285e427e7659efe7b40dfc17d8"))
("ningle-fbr" .
 (:class qlot/source/git:source-git
  :initargs (:remote-url "https://github.com/skyizwhite/ningle-fbr.git")
  :version "git-2829bb24ca54ced927c3f56c5fdd723f4f90cdc9"))
("ningle-actions" .
 (:class qlot/source/git:source-git
  :initargs (:remote-url "https://github.com/skyizwhite/ningle-actions.git")
  :version "git-dded9e78b94113dd64ab341c586b93ac7b9dcc9f"))
("lack-mw" .
 (:class qlot/source/git:source-git
  :initargs (:remote-url "https://github.com/skyizwhite/lack-mw.git")
  :version "git-0bada4eafa7264b82c86d71c621fac5128440c67"))
("woo" .
 (:class qlot/source/git:source-git
  :initargs (:remote-url "https://github.com/skyizwhite/woo.git" :branch "fix/body-buffer-limit-and-files")
  :version "git-7a120fd5b2d41bbe516c050c1210e41f5e3f3042"))
("clack-errors" .
 (:class qlot/source/ql:source-ql
  :initargs (:%version :latest)
  :version "ql-2019-08-13"))
("cl-dotenv" .
 (:class qlot/source/ql:source-ql
  :initargs (:%version :latest)
  :version "ql-2018-10-18"))
("cl-dbi" .
 (:class qlot/source/ql:source-ql
  :initargs (:%version :latest)
  :version "ql-2026-01-01"))
("jzon" .
 (:class qlot/source/ql:source-ql
  :initargs (:%version :latest)
  :version "ql-2024-10-12"))
("kebab" .
 (:class qlot/source/ql:source-ql
  :initargs (:%version :latest)
  :version "ql-2015-06-08"))
("dexador" .
 (:class qlot/source/ql:source-ql
  :initargs (:%version :latest)
  :version "ql-2026-01-01"))
("quri" .
 (:class qlot/source/ql:source-ql
  :initargs (:%version :latest)
  :version "ql-2026-01-01"))
("ironclad" .
 (:class qlot/source/ql:source-ql
  :initargs (:%version :latest)
  :version "ql-2024-10-12"))
("local-time" .
 (:class qlot/source/ql:source-ql
  :initargs (:%version :latest)
  :version "ql-2026-01-01"))
("cl-ppcre" .
 (:class qlot/source/ql:source-ql
  :initargs (:%version :latest)
  :version "ql-2025-06-22"))
("alexandria" .
 (:class qlot/source/ql:source-ql
  :initargs (:%version :latest)
  :version "ql-2024-10-12"))
("zippy" .
 (:class qlot/source/ql:source-ql
  :initargs (:%version :latest)
  :version "ql-2026-01-01"))
("rove" .
 (:class qlot/source/git:source-git
  :initargs (:remote-url "https://github.com/fukamachi/rove")
  :version "git-52b04eaa4a079d753fdf49e793a52d5fe1f61836"))
